<Solution>
  <Project Path="../DemoLib/DemoLib.csproj" />
  <Project Path="TestCoverlet604VSTest.FailedMitigations/TestCoverlet604VSTest.FailedMitigations.csproj" />
  <Project Path="TestCoverlet604VSTest.NoMitigations/TestCoverlet604VSTest.NoMitigations.csproj" />
  <Project Path="TestCoverlet604VSTest.SelfContained/TestCoverlet604VSTest.SelfContained.csproj" />
  <Project Path="TestCoverlet604VSTest.UseCopyForCoverlet/TestCoverlet604VSTest.UseCopyForCoverlet.csproj" />
  <Project Path="TestCoverletVSTest.NoMitigations/TestCoverletVSTest.NoMitigations.csproj" />
</Solution>
